{
  "name": "letsGoReact",
  "lockfileVersion": 2,
  "requires": true,
  "packages": {
    "": {
      "dependencies": {
        "@videsk/tailwind-random-color": "^0.2.0-beta"
      }
    },
    "node_modules/@videsk/tailwind-random-color": {
      "version": "0.2.0-beta",
      "resolved": "https://registry.npmjs.org/@videsk/tailwind-random-color/-/tailwind-random-color-0.2.0-beta.tgz",
      "integrity": "sha512-RSwT59cb4qihrTRXiLTxCYNXfv+q1BXphaZKPTetXtCIR9nCKaPreENxUASgzgr+LFgS0efT4aw2iStUT12EWQ=="
    }
  },
  "dependencies": {
    "@videsk/tailwind-random-color": {
      "version": "0.2.0-beta",
      "resolved": "https://registry.npmjs.org/@videsk/tailwind-random-color/-/tailwind-random-color-0.2.0-beta.tgz",
      "integrity": "sha512-RSwT59cb4qihrTRXiLTxCYNXfv+q1BXphaZKPTetXtCIR9nCKaPreENxUASgzgr+LFgS0efT4aw2iStUT12EWQ=="
    }
  }
}
